
Microsoft Visual Studio Solution File, Format Version 12.00
# Visual Studio 15
VisualStudioVersion = 15.0.28307.168
MinimumVisualStudioVersion = 10.0.40219.1
Project("{FAE04EC0-301F-11D3-BF4B-00C04F79EFBC}") = "BasketBallScoreBoard", "BasketBallScoreBoard.csproj", "{DC25834B-8F1B-47E6-9370-A022BD22029A}"
EndProject
Global
	GlobalSection(SolutionConfigurationPlatforms) = preSolution
		Debug|Any CPU = Debug|Any CPU
		Release|Any CPU = Release|Any CPU
	EndGlobalSection
	GlobalSection(ProjectConfigurationPlatforms) = postSolution
		{DC25834B-8F1B-47E6-9370-A022BD22029A}.Debug|Any CPU.ActiveCfg = Debug|Any CPU
		{DC25834B-8F1B-47E6-9370-A022BD22029A}.Debug|Any CPU.Build.0 = Debug|Any CPU
		{DC25834B-8F1B-47E6-9370-A022BD22029A}.Release|Any CPU.ActiveCfg = Release|Any CPU
		{DC25834B-8F1B-47E6-9370-A022BD22029A}.Release|Any CPU.Build.0 = Release|Any CPU
	EndGlobalSection
	GlobalSection(SolutionProperties) = preSolution
		HideSolutionNode = FALSE
	EndGlobalSection
	GlobalSection(ExtensibilityGlobals) = postSolution
		SolutionGuid = {D9F8873C-3012-40FE-AC2D-FBC158BBF68F}
	EndGlobalSection
EndGlobal
